
Microsoft Visual Studio Solution File, Format Version 12.00
# Visual Studio Version 17
VisualStudioVersion = 17.12.35527.113 d17.12
MinimumVisualStudioVersion = 10.0.40219.1
Project("{FAE04EC0-301F-11D3-BF4B-00C04F79EFBC}") = "Tyuiu.NovikovAA.Sprint7.Project.V4.Lib", "Tyuiu.NovikovAA.Sprint7.Project.V4.Lib\Tyuiu.NovikovAA.Sprint7.Project.V4.Lib.csproj", "{F28D2A84-52EE-4AFB-8634-1E669B6F6EF2}"
EndProject
Project("{FAE04EC0-301F-11D3-BF4B-00C04F79EFBC}") = "Tyuiu.NovikovAA.Sprint7.Project.V4", "Tyuiu.NovikovAA.Sprint7.Project.V4\Tyuiu.NovikovAA.Sprint7.Project.V4.csproj", "{74C7158F-9B0E-4B8B-AB5E-99BC38B970EE}"
EndProject
Project("{FAE04EC0-301F-11D3-BF4B-00C04F79EFBC}") = "Tyuiu.NovikovAA.Sprint7.Project.V4.Test", "Tyuiu.NovikovAA.Sprint7.Project.V4.Test\Tyuiu.NovikovAA.Sprint7.Project.V4.Test.csproj", "{0C1F3751-E7C3-448A-AB95-DFF2BD0570E1}"
EndProject
Global
	GlobalSection(SolutionConfigurationPlatforms) = preSolution
		Debug|Any CPU = Debug|Any CPU
		Release|Any CPU = Release|Any CPU
	EndGlobalSection
	GlobalSection(ProjectConfigurationPlatforms) = postSolution
		{F28D2A84-52EE-4AFB-8634-1E669B6F6EF2}.Debug|Any CPU.ActiveCfg = Debug|Any CPU
		{F28D2A84-52EE-4AFB-8634-1E669B6F6EF2}.Debug|Any CPU.Build.0 = Debug|Any CPU
		{F28D2A84-52EE-4AFB-8634-1E669B6F6EF2}.Release|Any CPU.ActiveCfg = Release|Any CPU
		{F28D2A84-52EE-4AFB-8634-1E669B6F6EF2}.Release|Any CPU.Build.0 = Release|Any CPU
		{74C7158F-9B0E-4B8B-AB5E-99BC38B970EE}.Debug|Any CPU.ActiveCfg = Debug|Any CPU
		{74C7158F-9B0E-4B8B-AB5E-99BC38B970EE}.Debug|Any CPU.Build.0 = Debug|Any CPU
		{74C7158F-9B0E-4B8B-AB5E-99BC38B970EE}.Release|Any CPU.ActiveCfg = Release|Any CPU
		{74C7158F-9B0E-4B8B-AB5E-99BC38B970EE}.Release|Any CPU.Build.0 = Release|Any CPU
		{0C1F3751-E7C3-448A-AB95-DFF2BD0570E1}.Debug|Any CPU.ActiveCfg = Debug|Any CPU
		{0C1F3751-E7C3-448A-AB95-DFF2BD0570E1}.Debug|Any CPU.Build.0 = Debug|Any CPU
		{0C1F3751-E7C3-448A-AB95-DFF2BD0570E1}.Release|Any CPU.ActiveCfg = Release|Any CPU
		{0C1F3751-E7C3-448A-AB95-DFF2BD0570E1}.Release|Any CPU.Build.0 = Release|Any CPU
	EndGlobalSection
	GlobalSection(SolutionProperties) = preSolution
		HideSolutionNode = FALSE
	EndGlobalSection
EndGlobal
